
Microsoft Visual Studio Solution File, Format Version 12.00
# Visual Studio Version 16
VisualStudioVersion = 16.0.32901.82
MinimumVisualStudioVersion = 10.0.40219.1
Project("{9A19103F-16F7-4668-BE54-9A1E7A4F7556}") = "DataAccess", "DataAccess\DataAccess.csproj", "{661698BD-362C-42B9-8941-52D540446B00}"
EndProject
Project("{9A19103F-16F7-4668-BE54-9A1E7A4F7556}") = "Business", "Business\Business.csproj", "{E6C0862E-1742-47AC-A5FB-B2780D4ACCED}"
EndProject
Project("{9A19103F-16F7-4668-BE54-9A1E7A4F7556}") = "Entities", "Entities\Entities.csproj", "{E785E5D6-6135-4E9F-B0F4-57D43AE68BF0}"
EndProject
Project("{9A19103F-16F7-4668-BE54-9A1E7A4F7556}") = "WebAPI", "WebAPI\WebAPI.csproj", "{716CDC0A-7CF9-4C0A-8587-E9F4DA371A38}"
EndProject
Project("{9A19103F-16F7-4668-BE54-9A1E7A4F7556}") = "Core", "Core\Core.csproj", "{2CA11C4E-051B-4986-96DD-1D5BA2620A53}"
EndProject
Project("{FAE04EC0-301F-11D3-BF4B-00C04F79EFBC}") = "IconTrendsPresentation", "IconTrendsPresentation\IconTrendsPresentation.csproj", "{052A37CB-DE14-456F-8CDF-56D5C1FD1F3C}"
EndProject
Global
	GlobalSection(SolutionConfigurationPlatforms) = preSolution
		Debug|Any CPU = Debug|Any CPU
		Release|Any CPU = Release|Any CPU
	EndGlobalSection
	GlobalSection(ProjectConfigurationPlatforms) = postSolution
		{661698BD-362C-42B9-8941-52D540446B00}.Debug|Any CPU.ActiveCfg = Debug|Any CPU
		{661698BD-362C-42B9-8941-52D540446B00}.Debug|Any CPU.Build.0 = Debug|Any CPU
		{661698BD-362C-42B9-8941-52D540446B00}.Release|Any CPU.ActiveCfg = Release|Any CPU
		{661698BD-362C-42B9-8941-52D540446B00}.Release|Any CPU.Build.0 = Release|Any CPU
		{E6C0862E-1742-47AC-A5FB-B2780D4ACCED}.Debug|Any CPU.ActiveCfg = Debug|Any CPU
		{E6C0862E-1742-47AC-A5FB-B2780D4ACCED}.Debug|Any CPU.Build.0 = Debug|Any CPU
		{E6C0862E-1742-47AC-A5FB-B2780D4ACCED}.Release|Any CPU.ActiveCfg = Release|Any CPU
		{E6C0862E-1742-47AC-A5FB-B2780D4ACCED}.Release|Any CPU.Build.0 = Release|Any CPU
		{E785E5D6-6135-4E9F-B0F4-57D43AE68BF0}.Debug|Any CPU.ActiveCfg = Debug|Any CPU
		{E785E5D6-6135-4E9F-B0F4-57D43AE68BF0}.Debug|Any CPU.Build.0 = Debug|Any CPU
		{E785E5D6-6135-4E9F-B0F4-57D43AE68BF0}.Release|Any CPU.ActiveCfg = Release|Any CPU
		{E785E5D6-6135-4E9F-B0F4-57D43AE68BF0}.Release|Any CPU.Build.0 = Release|Any CPU
		{716CDC0A-7CF9-4C0A-8587-E9F4DA371A38}.Debug|Any CPU.ActiveCfg = Debug|Any CPU
		{716CDC0A-7CF9-4C0A-8587-E9F4DA371A38}.Debug|Any CPU.Build.0 = Debug|Any CPU
		{716CDC0A-7CF9-4C0A-8587-E9F4DA371A38}.Release|Any CPU.ActiveCfg = Release|Any CPU
		{716CDC0A-7CF9-4C0A-8587-E9F4DA371A38}.Release|Any CPU.Build.0 = Release|Any CPU
		{2CA11C4E-051B-4986-96DD-1D5BA2620A53}.Debug|Any CPU.ActiveCfg = Debug|Any CPU
		{2CA11C4E-051B-4986-96DD-1D5BA2620A53}.Debug|Any CPU.Build.0 = Debug|Any CPU
		{2CA11C4E-051B-4986-96DD-1D5BA2620A53}.Release|Any CPU.ActiveCfg = Release|Any CPU
		{2CA11C4E-051B-4986-96DD-1D5BA2620A53}.Release|Any CPU.Build.0 = Release|Any CPU
		{052A37CB-DE14-456F-8CDF-56D5C1FD1F3C}.Debug|Any CPU.ActiveCfg = Debug|Any CPU
		{052A37CB-DE14-456F-8CDF-56D5C1FD1F3C}.Debug|Any CPU.Build.0 = Debug|Any CPU
		{052A37CB-DE14-456F-8CDF-56D5C1FD1F3C}.Release|Any CPU.ActiveCfg = Release|Any CPU
		{052A37CB-DE14-456F-8CDF-56D5C1FD1F3C}.Release|Any CPU.Build.0 = Release|Any CPU
	EndGlobalSection
	GlobalSection(SolutionProperties) = preSolution
		HideSolutionNode = FALSE
	EndGlobalSection
	GlobalSection(ExtensibilityGlobals) = postSolution
		SolutionGuid = {BB83D9CE-A75A-439A-93FC-6B18D2791FB2}
	EndGlobalSection
EndGlobal
